{
  "nodes": {
    "home-manager": {
      "inputs": {
        "nixpkgs": [
          "nixpkgs"
        ]
      },
      "locked": {
        "lastModified": 1756679287,
        "narHash": "sha256-Xd1vOeY9ccDf5VtVK12yM0FS6qqvfUop8UQlxEB+gTQ=",
        "owner": "nix-community",
        "repo": "home-manager",
        "rev": "07fc025fe10487dd80f2ec694f1cd790e752d0e8",
        "type": "github"
      },
      "original": {
        "owner": "nix-community",
        "ref": "release-25.05",
        "repo": "home-manager",
        "type": "github"
      }
    },
    "home-manager_2": {
      "inputs": {
        "nixpkgs": [
          "zen-browser",
          "nixpkgs"
        ]
      },
      "locked": {
        "lastModified": 1752603129,
        "narHash": "sha256-S+wmHhwNQ5Ru689L2Gu8n1OD6s9eU9n9mD827JNR+kw=",
        "owner": "nix-community",
        "repo": "home-manager",
        "rev": "e8c19a3cec2814c754f031ab3ae7316b64da085b",
        "type": "github"
      },
      "original": {
        "owner": "nix-community",
        "repo": "home-manager",
        "type": "github"
      }
    },
    "nixpkgs": {
      "locked": {
        "lastModified": 1757020766,
        "narHash": "sha256-PLoSjHRa2bUbi1x9HoXgTx2AiuzNXs54c8omhadyvp0=",
        "owner": "NixOS",
        "repo": "nixpkgs",
        "rev": "fe83bbdde2ccdc2cb9573aa846abe8363f79a97a",
        "type": "github"
      },
      "original": {
        "id": "nixpkgs",
        "ref": "nixos-25.05",
        "type": "indirect"
      }
    },
    "root": {
      "inputs": {
        "home-manager": "home-manager",
        "nixpkgs": "nixpkgs",
        "zen-browser": "zen-browser"
      }
    },
    "zen-browser": {
      "inputs": {
        "home-manager": "home-manager_2",
        "nixpkgs": [
          "nixpkgs"
        ]
      },
      "locked": {
        "lastModified": 1758514988,
        "narHash": "sha256-+IrsAEI5dFkRRbLH4nkUKYVzlXFlIbjRj+B0FaLZnFM=",
        "owner": "0xc000022070",
        "repo": "zen-browser-flake",
        "rev": "d275fe1617f18550e6a474a1a6a65e41ab61e007",
        "type": "github"
      },
      "original": {
        "owner": "0xc000022070",
        "repo": "zen-browser-flake",
        "type": "github"
      }
    }
  },
  "root": "root",
  "version": 7
}
